
Microsoft Visual Studio Solution File, Format Version 12.00
# Visual Studio 15
VisualStudioVersion = 15.0.26124.0
MinimumVisualStudioVersion = 15.0.26124.0
Project("{FAE04EC0-301F-11D3-BF4B-00C04F79EFBC}") = "Domain", "Domain\Domain.csproj", "{29C12FB0-578F-44DE-AD9B-73ABCDDBD388}"
EndProject
Project("{FAE04EC0-301F-11D3-BF4B-00C04F79EFBC}") = "API", "API\API.csproj", "{478F6ADC-D495-49A8-AA80-F0B02259CEEA}"
EndProject
Project("{FAE04EC0-301F-11D3-BF4B-00C04F79EFBC}") = "Application", "Application\Application.csproj", "{0DE2E692-466B-45E1-A93A-1C4F97382FDD}"
EndProject
Project("{FAE04EC0-301F-11D3-BF4B-00C04F79EFBC}") = "Persistence", "Persistence\Persistence.csproj", "{A936DD68-479B-4CBA-A07E-033C6B64A1AD}"
EndProject
Global
	GlobalSection(SolutionConfigurationPlatforms) = preSolution
		Debug|Any CPU = Debug|Any CPU
		Debug|x64 = Debug|x64
		Debug|x86 = Debug|x86
		Release|Any CPU = Release|Any CPU
		Release|x64 = Release|x64
		Release|x86 = Release|x86
	EndGlobalSection
	GlobalSection(SolutionProperties) = preSolution
		HideSolutionNode = FALSE
	EndGlobalSection
	GlobalSection(ProjectConfigurationPlatforms) = postSolution
		{29C12FB0-578F-44DE-AD9B-73ABCDDBD388}.Debug|Any CPU.ActiveCfg = Debug|Any CPU
		{29C12FB0-578F-44DE-AD9B-73ABCDDBD388}.Debug|Any CPU.Build.0 = Debug|Any CPU
		{29C12FB0-578F-44DE-AD9B-73ABCDDBD388}.Debug|x64.ActiveCfg = Debug|Any CPU
		{29C12FB0-578F-44DE-AD9B-73ABCDDBD388}.Debug|x64.Build.0 = Debug|Any CPU
		{29C12FB0-578F-44DE-AD9B-73ABCDDBD388}.Debug|x86.ActiveCfg = Debug|Any CPU
		{29C12FB0-578F-44DE-AD9B-73ABCDDBD388}.Debug|x86.Build.0 = Debug|Any CPU
		{29C12FB0-578F-44DE-AD9B-73ABCDDBD388}.Release|Any CPU.ActiveCfg = Release|Any CPU
		{29C12FB0-578F-44DE-AD9B-73ABCDDBD388}.Release|Any CPU.Build.0 = Release|Any CPU
		{29C12FB0-578F-44DE-AD9B-73ABCDDBD388}.Release|x64.ActiveCfg = Release|Any CPU
		{29C12FB0-578F-44DE-AD9B-73ABCDDBD388}.Release|x64.Build.0 = Release|Any CPU
		{29C12FB0-578F-44DE-AD9B-73ABCDDBD388}.Release|x86.ActiveCfg = Release|Any CPU
		{29C12FB0-578F-44DE-AD9B-73ABCDDBD388}.Release|x86.Build.0 = Release|Any CPU
		{478F6ADC-D495-49A8-AA80-F0B02259CEEA}.Debug|Any CPU.ActiveCfg = Debug|Any CPU
		{478F6ADC-D495-49A8-AA80-F0B02259CEEA}.Debug|Any CPU.Build.0 = Debug|Any CPU
		{478F6ADC-D495-49A8-AA80-F0B02259CEEA}.Debug|x64.ActiveCfg = Debug|Any CPU
		{478F6ADC-D495-49A8-AA80-F0B02259CEEA}.Debug|x64.Build.0 = Debug|Any CPU
		{478F6ADC-D495-49A8-AA80-F0B02259CEEA}.Debug|x86.ActiveCfg = Debug|Any CPU
		{478F6ADC-D495-49A8-AA80-F0B02259CEEA}.Debug|x86.Build.0 = Debug|Any CPU
		{478F6ADC-D495-49A8-AA80-F0B02259CEEA}.Release|Any CPU.ActiveCfg = Release|Any CPU
		{478F6ADC-D495-49A8-AA80-F0B02259CEEA}.Release|Any CPU.Build.0 = Release|Any CPU
		{478F6ADC-D495-49A8-AA80-F0B02259CEEA}.Release|x64.ActiveCfg = Release|Any CPU
		{478F6ADC-D495-49A8-AA80-F0B02259CEEA}.Release|x64.Build.0 = Release|Any CPU
		{478F6ADC-D495-49A8-AA80-F0B02259CEEA}.Release|x86.ActiveCfg = Release|Any CPU
		{478F6ADC-D495-49A8-AA80-F0B02259CEEA}.Release|x86.Build.0 = Release|Any CPU
		{0DE2E692-466B-45E1-A93A-1C4F97382FDD}.Debug|Any CPU.ActiveCfg = Debug|Any CPU
		{0DE2E692-466B-45E1-A93A-1C4F97382FDD}.Debug|Any CPU.Build.0 = Debug|Any CPU
		{0DE2E692-466B-45E1-A93A-1C4F97382FDD}.Debug|x64.ActiveCfg = Debug|Any CPU
		{0DE2E692-466B-45E1-A93A-1C4F97382FDD}.Debug|x64.Build.0 = Debug|Any CPU
		{0DE2E692-466B-45E1-A93A-1C4F97382FDD}.Debug|x86.ActiveCfg = Debug|Any CPU
		{0DE2E692-466B-45E1-A93A-1C4F97382FDD}.Debug|x86.Build.0 = Debug|Any CPU
		{0DE2E692-466B-45E1-A93A-1C4F97382FDD}.Release|Any CPU.ActiveCfg = Release|Any CPU
		{0DE2E692-466B-45E1-A93A-1C4F97382FDD}.Release|Any CPU.Build.0 = Release|Any CPU
		{0DE2E692-466B-45E1-A93A-1C4F97382FDD}.Release|x64.ActiveCfg = Release|Any CPU
		{0DE2E692-466B-45E1-A93A-1C4F97382FDD}.Release|x64.Build.0 = Release|Any CPU
		{0DE2E692-466B-45E1-A93A-1C4F97382FDD}.Release|x86.ActiveCfg = Release|Any CPU
		{0DE2E692-466B-45E1-A93A-1C4F97382FDD}.Release|x86.Build.0 = Release|Any CPU
		{A936DD68-479B-4CBA-A07E-033C6B64A1AD}.Debug|Any CPU.ActiveCfg = Debug|Any CPU
		{A936DD68-479B-4CBA-A07E-033C6B64A1AD}.Debug|Any CPU.Build.0 = Debug|Any CPU
		{A936DD68-479B-4CBA-A07E-033C6B64A1AD}.Debug|x64.ActiveCfg = Debug|Any CPU
		{A936DD68-479B-4CBA-A07E-033C6B64A1AD}.Debug|x64.Build.0 = Debug|Any CPU
		{A936DD68-479B-4CBA-A07E-033C6B64A1AD}.Debug|x86.ActiveCfg = Debug|Any CPU
		{A936DD68-479B-4CBA-A07E-033C6B64A1AD}.Debug|x86.Build.0 = Debug|Any CPU
		{A936DD68-479B-4CBA-A07E-033C6B64A1AD}.Release|Any CPU.ActiveCfg = Release|Any CPU
		{A936DD68-479B-4CBA-A07E-033C6B64A1AD}.Release|Any CPU.Build.0 = Release|Any CPU
		{A936DD68-479B-4CBA-A07E-033C6B64A1AD}.Release|x64.ActiveCfg = Release|Any CPU
		{A936DD68-479B-4CBA-A07E-033C6B64A1AD}.Release|x64.Build.0 = Release|Any CPU
		{A936DD68-479B-4CBA-A07E-033C6B64A1AD}.Release|x86.ActiveCfg = Release|Any CPU
		{A936DD68-479B-4CBA-A07E-033C6B64A1AD}.Release|x86.Build.0 = Release|Any CPU
	EndGlobalSection
EndGlobal
